
Microsoft Visual Studio Solution File, Format Version 12.00
# Visual Studio Version 17
VisualStudioVersion = 17.13.35825.156
MinimumVisualStudioVersion = 10.0.40219.1
Project("{2150E333-8FDC-42A3-9474-1A3956D46DE8}") = "Chapter01", "Chapter01", "{DDB4EF12-CC4E-5E88-E6FC-71A802F4DE97}"
EndProject
Project("{FAE04EC0-301F-11D3-BF4B-00C04F79EFBC}") = "ProductSample", "Chapter01\ProductSample\ProductSample.csproj", "{4344486B-2584-4EC8-85E8-5F502F063782}"
EndProject
Project("{2150E333-8FDC-42A3-9474-1A3956D46DE8}") = "Chapter02", "Chapter02", "{DC46C8A5-3D37-49F2-9D1B-DD7BA72F776E}"
EndProject
Project("{FAE04EC0-301F-11D3-BF4B-00C04F79EFBC}") = "DistamceConverter", "Chapter02\DistamceConverter\DistamceConverter.csproj", "{5B529AEE-CF77-448A-9A90-26B5FD2E8947}"
EndProject
Project("{2150E333-8FDC-42A3-9474-1A3956D46DE8}") = "演習問題", "演習問題", "{EB0D0CE1-5A6B-4889-8BC2-CE2C0534E732}"
EndProject
Project("{FAE04EC0-301F-11D3-BF4B-00C04F79EFBC}") = "Exercise02", "Chapter02\演習問題\Exercise02\Exercise02.csproj", "{40662AFB-58C2-43B1-9E1A-DD3DF625852F}"
EndProject
Project("{2150E333-8FDC-42A3-9474-1A3956D46DE8}") = "距離換算プログラム", "距離換算プログラム", "{393A0CA1-9114-431E-AA3C-9F764B83B412}"
EndProject
Project("{2150E333-8FDC-42A3-9474-1A3956D46DE8}") = "FormApps", "FormApps", "{88A5C6BC-EE24-4416-B330-1AFC863F350E}"
EndProject
Project("{FAE04EC0-301F-11D3-BF4B-00C04F79EFBC}") = "UnitConverter", "FormApps\UnitConverter\UnitConverter.csproj", "{927AC185-5B38-43EE-975F-EDD14B783A7B}"
EndProject
Project("{FAE04EC0-301F-11D3-BF4B-00C04F79EFBC}") = "StopWatch", "FormApps\StopWatch\StopWatch.csproj", "{C184ED4B-9166-47F8-ACB2-3EA32C4F7CC9}"
EndProject
Project("{2150E333-8FDC-42A3-9474-1A3956D46DE8}") = "売上集計プログラム", "売上集計プログラム", "{7A0BBE76-4EF2-4C06-844A-35D6B69501EA}"
EndProject
Project("{FAE04EC0-301F-11D3-BF4B-00C04F79EFBC}") = "SalesCalculator", "Chapter02\SalesCalculator\SalesCalculator.csproj", "{D0346AEE-32C5-4631-A52F-7A4A1D5D40C4}"
EndProject
Project("{FAE04EC0-301F-11D3-BF4B-00C04F79EFBC}") = "Exercise01", "Chapter02\演習問題\Exercise01\Exercise01.csproj", "{02A4E4F4-AFD3-4B85-8274-711781164927}"
EndProject
Project("{2150E333-8FDC-42A3-9474-1A3956D46DE8}") = "Chapter03", "Chapter03", "{3381A3CB-37B0-461E-9C99-C9B0058A2932}"
EndProject
Project("{FAE04EC0-301F-11D3-BF4B-00C04F79EFBC}") = "Section01", "Chapter03\Section01\Section01.csproj", "{6849CA6D-639D-4157-81B7-14FCB7380C25}"
EndProject
Project("{2150E333-8FDC-42A3-9474-1A3956D46DE8}") = "演習問題", "演習問題", "{2431C6EF-4CC2-4285-847D-F651444D84B3}"
EndProject
Project("{FAE04EC0-301F-11D3-BF4B-00C04F79EFBC}") = "Section04", "Chapter03\Section04\Section04.csproj", "{347B1F4F-A8FC-4455-897D-8A93DC54A56D}"
EndProject
Project("{FAE04EC0-301F-11D3-BF4B-00C04F79EFBC}") = "Exercise01", "Chapter03\演習問題\Exercise01\Exercise01.csproj", "{3961B5EC-1662-4884-93DB-33BDE26CFE06}"
EndProject
Project("{2150E333-8FDC-42A3-9474-1A3956D46DE8}") = "Chapter04", "Chapter04", "{D436E971-2DBB-47F7-9FA2-5947C368B749}"
EndProject
Project("{FAE04EC0-301F-11D3-BF4B-00C04F79EFBC}") = "Section04", "Chapter04\ConsoleApp1\Section04.csproj", "{F2892EF9-7B10-4002-A45D-4373EFB209CB}"
EndProject
Project("{2150E333-8FDC-42A3-9474-1A3956D46DE8}") = "演習問題", "演習問題", "{FA0A6001-C530-4DB9-80B0-1C270978E878}"
EndProject
Project("{FAE04EC0-301F-11D3-BF4B-00C04F79EFBC}") = "Exercise01", "Chapter04\Exercise01\Exercise01.csproj", "{62DECB46-8F86-449A-9C2B-488AD25033CC}"
EndProject
Project("{FAE04EC0-301F-11D3-BF4B-00C04F79EFBC}") = "Exercise02", "Chapter04\Exercise02\Exercise02.csproj", "{D723786B-DDC4-44D5-952B-726C19B25BC9}"
EndProject
Project("{2150E333-8FDC-42A3-9474-1A3956D46DE8}") = "LINQ", "LINQ", "{07F6777F-61EF-499F-B805-817E7DADFC86}"
EndProject
Project("{FAE04EC0-301F-11D3-BF4B-00C04F79EFBC}") = "LINQSample", "LINQ\LINQSample\LINQSample.csproj", "{5D7C282E-DA16-42B6-90AA-9C79DAE4FAF2}"
EndProject
Project("{2150E333-8FDC-42A3-9474-1A3956D46DE8}") = "Chapter07", "Chapter07", "{2B7A4F1C-698C-4DB4-9574-2702F5DABBDE}"
EndProject
Project("{2150E333-8FDC-42A3-9474-1A3956D46DE8}") = "演習問題", "演習問題", "{B31F057A-C7EE-4C14-B16D-1D6B5EA6FD36}"
EndProject
Project("{FAE04EC0-301F-11D3-BF4B-00C04F79EFBC}") = "Exercise01", "Chapter07\演習問題\Exercise01\Exercise01.csproj", "{567904BF-ECB3-4140-AACF-47208D9C60C5}"
EndProject
Project("{FAE04EC0-301F-11D3-BF4B-00C04F79EFBC}") = "Section01", "Chapter07\Section01\Section01.csproj", "{1F2E37BE-DE29-468C-8EAA-C71B7D5AF305}"
EndProject
Project("{FAE04EC0-301F-11D3-BF4B-00C04F79EFBC}") = "Section05", "Chapter07\Section05\Section05.csproj", "{C8C79F7D-213E-4EF5-8E3B-E6A4AD5D4540}"
EndProject
Project("{FAE04EC0-301F-11D3-BF4B-00C04F79EFBC}") = "Exercise02", "Chapter07\演習問題\Exercise02\Exercise02.csproj", "{9C2BA13D-C6C3-4C2D-8B48-42D8CA10A607}"
EndProject
Project("{2150E333-8FDC-42A3-9474-1A3956D46DE8}") = "Chapter06", "Chapter06", "{FF86C0D6-E94F-463D-A04A-74D7D4F01E35}"
EndProject
Project("{2150E333-8FDC-42A3-9474-1A3956D46DE8}") = "演習問題", "演習問題", "{D7A566E4-E431-44AF-A7FF-2E0413900FD9}"
EndProject
Project("{FAE04EC0-301F-11D3-BF4B-00C04F79EFBC}") = "Exercise01", "Chapter06\演習問題\Exercise01\Exercise01.csproj", "{B5025803-550F-2718-0B4A-39867A675BF8}"
EndProject
Project("{FAE04EC0-301F-11D3-BF4B-00C04F79EFBC}") = "Exercise02", "Chapter06\演習問題\Exercise02\Exercise02.csproj", "{9605B4B8-0A34-BDE4-CFD2-F49073E3B9EF}"
EndProject
Project("{FAE04EC0-301F-11D3-BF4B-00C04F79EFBC}") = "Exercise03", "Chapter06\演習問題\Exercise03\Exercise03.csproj", "{766DC129-B7E6-6BE5-67FF-02794A6C9D6A}"
EndProject
Project("{FAE04EC0-301F-11D3-BF4B-00C04F79EFBC}") = "Exercise04", "Chapter06\演習問題\Exercise04\Exercise04.csproj", "{8758FBDB-9295-0DA5-31B6-DA01667F06FB}"
EndProject
Project("{FAE04EC0-301F-11D3-BF4B-00C04F79EFBC}") = "Section01", "Chapter06\Section01\Section01.csproj", "{7B34514D-F55C-A5FE-D1EF-2AB834B91306}"
EndProject
Project("{FAE04EC0-301F-11D3-BF4B-00C04F79EFBC}") = "Section03", "Chapter06\Section03\Section03.csproj", "{C08CACE6-6950-493D-88BD-EB781AEDA52E}"
EndProject
Project("{2150E333-8FDC-42A3-9474-1A3956D46DE8}") = "Chapter05", "Chapter05", "{14472DF8-314B-4EBC-939A-EF0C58298A0C}"
EndProject
Project("{2150E333-8FDC-42A3-9474-1A3956D46DE8}") = "演習問題", "演習問題", "{CA22A522-F3AA-4FD8-800B-9B19B0BD53DD}"
EndProject
Project("{FAE04EC0-301F-11D3-BF4B-00C04F79EFBC}") = "Exercise01", "Chapter05\Chapter05\演習問題\Exercise01\Exercise01.csproj", "{3D106DAE-B001-F618-AD2B-D1270FF8B6BC}"
EndProject
Project("{FAE04EC0-301F-11D3-BF4B-00C04F79EFBC}") = "Exercise02", "Chapter05\Chapter05\演習問題\Exercise02\Exercise02.csproj", "{62CE6664-D1E9-86AA-F701-419122D1DA22}"
EndProject
Project("{FAE04EC0-301F-11D3-BF4B-00C04F79EFBC}") = "Section01", "Chapter05\Chapter05\Section01\Section01.csproj", "{2E45169A-40F1-C960-737F-B69CFBF1BCE3}"
EndProject
Project("{FAE04EC0-301F-11D3-BF4B-00C04F79EFBC}") = "Section02", "Chapter05\Chapter05\Section02\Section02.csproj", "{96B19CBC-56F2-7736-37FE-491158372915}"
EndProject
Project("{2150E333-8FDC-42A3-9474-1A3956D46DE8}") = "Chapter08", "Chapter08", "{1AED4279-756F-4815-9994-309526D11246}"
EndProject
Project("{2150E333-8FDC-42A3-9474-1A3956D46DE8}") = "演習問題", "演習問題", "{257C6E08-A505-4801-86DD-1955402B21E5}"
EndProject
Project("{FAE04EC0-301F-11D3-BF4B-00C04F79EFBC}") = "Exercise01", "Chapter08\演習問題\Exercise01\Exercise01.csproj", "{D589C9D2-25B2-97EF-C106-318F1C56DB7D}"
EndProject
Project("{FAE04EC0-301F-11D3-BF4B-00C04F79EFBC}") = "Section03", "Chapter08\Section03\Section03.csproj", "{7C06D570-5236-67C0-200D-EFEA42F6ED6E}"
EndProject
Project("{FAE04EC0-301F-11D3-BF4B-00C04F79EFBC}") = "PrefCapitalLocationSystem", "Chapter08\PrefCapitalLocationSystem\PrefCapitalLocationSystem.csproj", "{BA3B5C5E-D6A4-39ED-6760-036CDB62E249}"
EndProject
Project("{FAE04EC0-301F-11D3-BF4B-00C04F79EFBC}") = "Exercise02", "Chapter08\演習問題\Exercise02\Exercise02.csproj", "{2CD65A28-2A13-4521-94BF-4DDADFBB2401}"
EndProject
Project("{2150E333-8FDC-42A3-9474-1A3956D46DE8}") = "Test01", "Test01", "{64A552A9-B5E6-453E-B589-D7C91C191725}"
EndProject
Project("{FAE04EC0-301F-11D3-BF4B-00C04F79EFBC}") = "Test01", "Test01\Test01\Test01.csproj", "{6EF7678A-A725-F430-3097-30F090C0100A}"
EndProject
Project("{FAE04EC0-301F-11D3-BF4B-00C04F79EFBC}") = "Test02", "Test01\Test02\Test02.csproj", "{010D0C11-D6A2-3CA6-3281-4E0FD547EC2D}"
EndProject
Project("{2150E333-8FDC-42A3-9474-1A3956D46DE8}") = "Chapter09", "Chapter09", "{B9AEEF4F-532E-4612-9711-92A356798912}"
EndProject
Project("{FAE04EC0-301F-11D3-BF4B-00C04F79EFBC}") = "Section01", "Chapter09\Section01\Section01.csproj", "{D65AB6C7-BE14-40C7-8B16-1007CC39B732}"
EndProject
Project("{FAE04EC0-301F-11D3-BF4B-00C04F79EFBC}") = "CarReportSystem", "FormApps\CarReportSystem\CarReportSystem.csproj", "{0B48C449-0B35-182D-2B8C-BFE6C8DF0359}"
EndProject
Project("{2150E333-8FDC-42A3-9474-1A3956D46DE8}") = "Chapter12", "Chapter12", "{79758789-61EE-4192-9A4A-402967369F57}"
EndProject
Project("{FAE04EC0-301F-11D3-BF4B-00C04F79EFBC}") = "Section01", "Chapter12\Section01\Section01.csproj", "{4109F16C-CC0F-746C-BB8C-6083813C958C}"
EndProject
Project("{2150E333-8FDC-42A3-9474-1A3956D46DE8}") = "演習問題", "演習問題", "{A2F16F33-A30A-4058-9A7D-3D0477CFD70B}"
EndProject
Project("{FAE04EC0-301F-11D3-BF4B-00C04F79EFBC}") = "Exercise01", "Chapter12\演習問題\Exercise01\Exercise01.csproj", "{6C5C8E11-5C4E-7216-5310-F8D4870D4E3D}"
EndProject
Project("{FAE04EC0-301F-11D3-BF4B-00C04F79EFBC}") = "Exercise03", "Chapter12\演習問題\Exercise03\Exercise03.csproj", "{414DFFD5-4A0F-DD91-933A-D9585859A325}"
EndProject
Project("{FAE04EC0-301F-11D3-BF4B-00C04F79EFBC}") = "Exercise02", "Chapter12\演習問題\Exercise02\Exercise02.csproj", "{F01C3B69-9D05-4BEF-26EB-57BAD926097B}"
EndProject
Project("{FAE04EC0-301F-11D3-BF4B-00C04F79EFBC}") = "RssReader", "FormApps\RssReader\RssReader.csproj", "{8E382822-92E3-D270-08BB-8C5874A14FBE}"
EndProject
Project("{2150E333-8FDC-42A3-9474-1A3956D46DE8}") = "Chapter11", "Chapter11", "{58F3E67E-CC3E-4A89-BBBE-2C620AF7C6A7}"
EndProject
Project("{FAE04EC0-301F-11D3-BF4B-00C04F79EFBC}") = "Section02", "Chapter11\Section02\Section02.csproj", "{FD5D22CB-1533-4A42-AA86-8F408139E449}"
EndProject
Project("{2150E333-8FDC-42A3-9474-1A3956D46DE8}") = "演習問題", "演習問題", "{75F6E911-A943-4C2E-B764-2441F4CEE314}"
EndProject
Project("{FAE04EC0-301F-11D3-BF4B-00C04F79EFBC}") = "Exercise01", "Exercise01\Exercise01.csproj", "{6C765AC4-6801-44CC-8D91-9AAE3AB58CC9}"
EndProject
Project("{FAE04EC0-301F-11D3-BF4B-00C04F79EFBC}") = "Section03", "Chapter11\Section03\Section03.csproj", "{86B09BFA-42D7-482A-98E0-BAACA117383D}"
EndProject
Project("{FAE04EC0-301F-11D3-BF4B-00C04F79EFBC}") = "Section04", "Chapter11\Section04\Section04\Section04.csproj", "{0FEB301C-5078-4C52-A28C-7FAE2EF25929}"
EndProject
Project("{FAE04EC0-301F-11D3-BF4B-00C04F79EFBC}") = "Exercise04", "Chapter11\Exercise04\Exercise04.csproj", "{87810C3F-2EB2-4CCA-BA5B-9A10EA1DF37F}"
EndProject
Project("{FAE04EC0-301F-11D3-BF4B-00C04F79EFBC}") = "Exercise05", "Chapter11\Exercise05\Exercise05.csproj", "{BCD0E96C-A895-486F-B685-540A9B1BB20B}"
EndProject
Project("{2150E333-8FDC-42A3-9474-1A3956D46DE8}") = "WPF", "WPF", "{9BA23AA7-E5F7-4330-90F3-B52EA3C8EC79}"
EndProject
Project("{FAE04EC0-301F-11D3-BF4B-00C04F79EFBC}") = "PrismObservesSample", "WPF\PrismObservesSample\PrismObservesSample.csproj", "{50712916-3046-CD6D-CC0D-CC717D58B733}"
EndProject
Project("{FAE04EC0-301F-11D3-BF4B-00C04F79EFBC}") = "HelloWorld", "WPF\HelloWorld\HelloWorld.csproj", "{8FBDDD79-818E-6752-3B00-45F40DDA6723}"
EndProject
Project("{2150E333-8FDC-42A3-9474-1A3956D46DE8}") = "SQLite", "SQLite", "{C1F18D0C-5D15-4343-B5D3-CEFE741DDCE5}"
EndProject
Project("{FAE04EC0-301F-11D3-BF4B-00C04F79EFBC}") = "Sample", "SQLite\SQLite\Sample\Sample.csproj", "{A1A42CC9-4934-902E-3830-8D4A7288F4C6}"
EndProject
Project("{FAE04EC0-301F-11D3-BF4B-00C04F79EFBC}") = "CustomerApp", "SQLite\SQLite\CustomerApp\CustomerApp.csproj", "{37B3D01D-C5AC-7D28-36E6-BFBFE80475B2}"
EndProject
Project("{2150E333-8FDC-42A3-9474-1A3956D46DE8}") = "Chapter13", "Chapter13", "{D7FFD218-EC4B-4A8A-9E6C-6E3C45CCBDAA}"
EndProject
Project("{FAE04EC0-301F-11D3-BF4B-00C04F79EFBC}") = "Exercise01", "Chapter13\Chapter13\Exercise01\Exercise01.csproj", "{D6194BF0-7E59-5B9E-D94A-5963C9ABD4F9}"
EndProject
Project("{FAE04EC0-301F-11D3-BF4B-00C04F79EFBC}") = "Section01", "Chapter13\Chapter13\Section01\Section01.csproj", "{5BB9CA5F-C645-785D-0240-D110F773D873}"
EndProject
Project("{2150E333-8FDC-42A3-9474-1A3956D46DE8}") = "Chapter14", "Chapter14", "{6AD3F670-FDE8-4394-A136-95ADE4446597}"
EndProject
Project("{FAE04EC0-301F-11D3-BF4B-00C04F79EFBC}") = "Section03", "Chapter14\Section03\Section03.csproj", "{21ED8BE5-B542-44CF-BE0F-51B3EC63644E}"
EndProject
Project("{2150E333-8FDC-42A3-9474-1A3956D46DE8}") = "演習問題", "演習問題", "{132AF839-99CD-4DE1-93A5-EFCDD5D2F8EB}"
EndProject
Project("{FAE04EC0-301F-11D3-BF4B-00C04F79EFBC}") = "Exercise01", "Chapter14\演習問題\Exercise01\Exercise01\Exercise01.csproj", "{933BECCE-BFAE-4DBE-A976-3660C84F4BC0}"
EndProject
Project("{FAE04EC0-301F-11D3-BF4B-00C04F79EFBC}") = "Section04", "Chapter14\Section04\Section04.csproj", "{83A628C0-A620-4869-B014-41D98B78A9E7}"
EndProject
Project("{FAE04EC0-301F-11D3-BF4B-00C04F79EFBC}") = "WebBrowser", "Chapter14\WebBrowser\WebBrowser.csproj", "{34F959BE-EF46-4134-8B45-FE4989493877}"
EndProject
Global
	GlobalSection(SolutionConfigurationPlatforms) = preSolution
		Debug|Any CPU = Debug|Any CPU
		Release|Any CPU = Release|Any CPU
	EndGlobalSection
	GlobalSection(ProjectConfigurationPlatforms) = postSolution
		{4344486B-2584-4EC8-85E8-5F502F063782}.Debug|Any CPU.ActiveCfg = Debug|Any CPU
		{4344486B-2584-4EC8-85E8-5F502F063782}.Debug|Any CPU.Build.0 = Debug|Any CPU
		{4344486B-2584-4EC8-85E8-5F502F063782}.Release|Any CPU.ActiveCfg = Release|Any CPU
		{4344486B-2584-4EC8-85E8-5F502F063782}.Release|Any CPU.Build.0 = Release|Any CPU
		{5B529AEE-CF77-448A-9A90-26B5FD2E8947}.Debug|Any CPU.ActiveCfg = Debug|Any CPU
		{5B529AEE-CF77-448A-9A90-26B5FD2E8947}.Debug|Any CPU.Build.0 = Debug|Any CPU
		{5B529AEE-CF77-448A-9A90-26B5FD2E8947}.Release|Any CPU.ActiveCfg = Release|Any CPU
		{5B529AEE-CF77-448A-9A90-26B5FD2E8947}.Release|Any CPU.Build.0 = Release|Any CPU
		{40662AFB-58C2-43B1-9E1A-DD3DF625852F}.Debug|Any CPU.ActiveCfg = Debug|Any CPU
		{40662AFB-58C2-43B1-9E1A-DD3DF625852F}.Debug|Any CPU.Build.0 = Debug|Any CPU
		{40662AFB-58C2-43B1-9E1A-DD3DF625852F}.Release|Any CPU.ActiveCfg = Release|Any CPU
		{40662AFB-58C2-43B1-9E1A-DD3DF625852F}.Release|Any CPU.Build.0 = Release|Any CPU
		{927AC185-5B38-43EE-975F-EDD14B783A7B}.Debug|Any CPU.ActiveCfg = Debug|Any CPU
		{927AC185-5B38-43EE-975F-EDD14B783A7B}.Debug|Any CPU.Build.0 = Debug|Any CPU
		{927AC185-5B38-43EE-975F-EDD14B783A7B}.Release|Any CPU.ActiveCfg = Release|Any CPU
		{927AC185-5B38-43EE-975F-EDD14B783A7B}.Release|Any CPU.Build.0 = Release|Any CPU
		{C184ED4B-9166-47F8-ACB2-3EA32C4F7CC9}.Debug|Any CPU.ActiveCfg = Debug|Any CPU
		{C184ED4B-9166-47F8-ACB2-3EA32C4F7CC9}.Debug|Any CPU.Build.0 = Debug|Any CPU
		{C184ED4B-9166-47F8-ACB2-3EA32C4F7CC9}.Release|Any CPU.ActiveCfg = Release|Any CPU
		{C184ED4B-9166-47F8-ACB2-3EA32C4F7CC9}.Release|Any CPU.Build.0 = Release|Any CPU
		{D0346AEE-32C5-4631-A52F-7A4A1D5D40C4}.Debug|Any CPU.ActiveCfg = Debug|Any CPU
		{D0346AEE-32C5-4631-A52F-7A4A1D5D40C4}.Debug|Any CPU.Build.0 = Debug|Any CPU
		{D0346AEE-32C5-4631-A52F-7A4A1D5D40C4}.Release|Any CPU.ActiveCfg = Release|Any CPU
		{D0346AEE-32C5-4631-A52F-7A4A1D5D40C4}.Release|Any CPU.Build.0 = Release|Any CPU
		{02A4E4F4-AFD3-4B85-8274-711781164927}.Debug|Any CPU.ActiveCfg = Debug|Any CPU
		{02A4E4F4-AFD3-4B85-8274-711781164927}.Debug|Any CPU.Build.0 = Debug|Any CPU
		{02A4E4F4-AFD3-4B85-8274-711781164927}.Release|Any CPU.ActiveCfg = Release|Any CPU
		{02A4E4F4-AFD3-4B85-8274-711781164927}.Release|Any CPU.Build.0 = Release|Any CPU
		{6849CA6D-639D-4157-81B7-14FCB7380C25}.Debug|Any CPU.ActiveCfg = Debug|Any CPU
		{6849CA6D-639D-4157-81B7-14FCB7380C25}.Debug|Any CPU.Build.0 = Debug|Any CPU
		{6849CA6D-639D-4157-81B7-14FCB7380C25}.Release|Any CPU.ActiveCfg = Release|Any CPU
		{6849CA6D-639D-4157-81B7-14FCB7380C25}.Release|Any CPU.Build.0 = Release|Any CPU
		{347B1F4F-A8FC-4455-897D-8A93DC54A56D}.Debug|Any CPU.ActiveCfg = Debug|Any CPU
		{347B1F4F-A8FC-4455-897D-8A93DC54A56D}.Debug|Any CPU.Build.0 = Debug|Any CPU
		{347B1F4F-A8FC-4455-897D-8A93DC54A56D}.Release|Any CPU.ActiveCfg = Release|Any CPU
		{347B1F4F-A8FC-4455-897D-8A93DC54A56D}.Release|Any CPU.Build.0 = Release|Any CPU
		{3961B5EC-1662-4884-93DB-33BDE26CFE06}.Debug|Any CPU.ActiveCfg = Debug|Any CPU
		{3961B5EC-1662-4884-93DB-33BDE26CFE06}.Debug|Any CPU.Build.0 = Debug|Any CPU
		{3961B5EC-1662-4884-93DB-33BDE26CFE06}.Release|Any CPU.ActiveCfg = Release|Any CPU
		{3961B5EC-1662-4884-93DB-33BDE26CFE06}.Release|Any CPU.Build.0 = Release|Any CPU
		{F2892EF9-7B10-4002-A45D-4373EFB209CB}.Debug|Any CPU.ActiveCfg = Debug|Any CPU
		{F2892EF9-7B10-4002-A45D-4373EFB209CB}.Debug|Any CPU.Build.0 = Debug|Any CPU
		{F2892EF9-7B10-4002-A45D-4373EFB209CB}.Release|Any CPU.ActiveCfg = Release|Any CPU
		{F2892EF9-7B10-4002-A45D-4373EFB209CB}.Release|Any CPU.Build.0 = Release|Any CPU
		{62DECB46-8F86-449A-9C2B-488AD25033CC}.Debug|Any CPU.ActiveCfg = Debug|Any CPU
		{62DECB46-8F86-449A-9C2B-488AD25033CC}.Debug|Any CPU.Build.0 = Debug|Any CPU
		{62DECB46-8F86-449A-9C2B-488AD25033CC}.Release|Any CPU.ActiveCfg = Release|Any CPU
		{62DECB46-8F86-449A-9C2B-488AD25033CC}.Release|Any CPU.Build.0 = Release|Any CPU
		{D723786B-DDC4-44D5-952B-726C19B25BC9}.Debug|Any CPU.ActiveCfg = Debug|Any CPU
		{D723786B-DDC4-44D5-952B-726C19B25BC9}.Debug|Any CPU.Build.0 = Debug|Any CPU
		{D723786B-DDC4-44D5-952B-726C19B25BC9}.Release|Any CPU.ActiveCfg = Release|Any CPU
		{D723786B-DDC4-44D5-952B-726C19B25BC9}.Release|Any CPU.Build.0 = Release|Any CPU
		{5D7C282E-DA16-42B6-90AA-9C79DAE4FAF2}.Debug|Any CPU.ActiveCfg = Debug|Any CPU
		{5D7C282E-DA16-42B6-90AA-9C79DAE4FAF2}.Debug|Any CPU.Build.0 = Debug|Any CPU
		{5D7C282E-DA16-42B6-90AA-9C79DAE4FAF2}.Release|Any CPU.ActiveCfg = Release|Any CPU
		{5D7C282E-DA16-42B6-90AA-9C79DAE4FAF2}.Release|Any CPU.Build.0 = Release|Any CPU
		{567904BF-ECB3-4140-AACF-47208D9C60C5}.Debug|Any CPU.ActiveCfg = Debug|Any CPU
		{567904BF-ECB3-4140-AACF-47208D9C60C5}.Debug|Any CPU.Build.0 = Debug|Any CPU
		{567904BF-ECB3-4140-AACF-47208D9C60C5}.Release|Any CPU.ActiveCfg = Release|Any CPU
		{567904BF-ECB3-4140-AACF-47208D9C60C5}.Release|Any CPU.Build.0 = Release|Any CPU
		{1F2E37BE-DE29-468C-8EAA-C71B7D5AF305}.Debug|Any CPU.ActiveCfg = Debug|Any CPU
		{1F2E37BE-DE29-468C-8EAA-C71B7D5AF305}.Debug|Any CPU.Build.0 = Debug|Any CPU
		{1F2E37BE-DE29-468C-8EAA-C71B7D5AF305}.Release|Any CPU.ActiveCfg = Release|Any CPU
		{1F2E37BE-DE29-468C-8EAA-C71B7D5AF305}.Release|Any CPU.Build.0 = Release|Any CPU
		{C8C79F7D-213E-4EF5-8E3B-E6A4AD5D4540}.Debug|Any CPU.ActiveCfg = Debug|Any CPU
		{C8C79F7D-213E-4EF5-8E3B-E6A4AD5D4540}.Debug|Any CPU.Build.0 = Debug|Any CPU
		{C8C79F7D-213E-4EF5-8E3B-E6A4AD5D4540}.Release|Any CPU.ActiveCfg = Release|Any CPU
		{C8C79F7D-213E-4EF5-8E3B-E6A4AD5D4540}.Release|Any CPU.Build.0 = Release|Any CPU
		{9C2BA13D-C6C3-4C2D-8B48-42D8CA10A607}.Debug|Any CPU.ActiveCfg = Debug|Any CPU
		{9C2BA13D-C6C3-4C2D-8B48-42D8CA10A607}.Debug|Any CPU.Build.0 = Debug|Any CPU
		{9C2BA13D-C6C3-4C2D-8B48-42D8CA10A607}.Release|Any CPU.ActiveCfg = Release|Any CPU
		{9C2BA13D-C6C3-4C2D-8B48-42D8CA10A607}.Release|Any CPU.Build.0 = Release|Any CPU
		{B5025803-550F-2718-0B4A-39867A675BF8}.Debug|Any CPU.ActiveCfg = Debug|Any CPU
		{B5025803-550F-2718-0B4A-39867A675BF8}.Debug|Any CPU.Build.0 = Debug|Any CPU
		{B5025803-550F-2718-0B4A-39867A675BF8}.Release|Any CPU.ActiveCfg = Release|Any CPU
		{B5025803-550F-2718-0B4A-39867A675BF8}.Release|Any CPU.Build.0 = Release|Any CPU
		{9605B4B8-0A34-BDE4-CFD2-F49073E3B9EF}.Debug|Any CPU.ActiveCfg = Debug|Any CPU
		{9605B4B8-0A34-BDE4-CFD2-F49073E3B9EF}.Debug|Any CPU.Build.0 = Debug|Any CPU
		{9605B4B8-0A34-BDE4-CFD2-F49073E3B9EF}.Release|Any CPU.ActiveCfg = Release|Any CPU
		{9605B4B8-0A34-BDE4-CFD2-F49073E3B9EF}.Release|Any CPU.Build.0 = Release|Any CPU
		{766DC129-B7E6-6BE5-67FF-02794A6C9D6A}.Debug|Any CPU.ActiveCfg = Debug|Any CPU
		{766DC129-B7E6-6BE5-67FF-02794A6C9D6A}.Debug|Any CPU.Build.0 = Debug|Any CPU
		{766DC129-B7E6-6BE5-67FF-02794A6C9D6A}.Release|Any CPU.ActiveCfg = Release|Any CPU
		{766DC129-B7E6-6BE5-67FF-02794A6C9D6A}.Release|Any CPU.Build.0 = Release|Any CPU
		{8758FBDB-9295-0DA5-31B6-DA01667F06FB}.Debug|Any CPU.ActiveCfg = Debug|Any CPU
		{8758FBDB-9295-0DA5-31B6-DA01667F06FB}.Debug|Any CPU.Build.0 = Debug|Any CPU
		{8758FBDB-9295-0DA5-31B6-DA01667F06FB}.Release|Any CPU.ActiveCfg = Release|Any CPU
		{8758FBDB-9295-0DA5-31B6-DA01667F06FB}.Release|Any CPU.Build.0 = Release|Any CPU
		{7B34514D-F55C-A5FE-D1EF-2AB834B91306}.Debug|Any CPU.ActiveCfg = Debug|Any CPU
		{7B34514D-F55C-A5FE-D1EF-2AB834B91306}.Debug|Any CPU.Build.0 = Debug|Any CPU
		{7B34514D-F55C-A5FE-D1EF-2AB834B91306}.Release|Any CPU.ActiveCfg = Release|Any CPU
		{7B34514D-F55C-A5FE-D1EF-2AB834B91306}.Release|Any CPU.Build.0 = Release|Any CPU
		{C08CACE6-6950-493D-88BD-EB781AEDA52E}.Debug|Any CPU.ActiveCfg = Debug|Any CPU
		{C08CACE6-6950-493D-88BD-EB781AEDA52E}.Debug|Any CPU.Build.0 = Debug|Any CPU
		{C08CACE6-6950-493D-88BD-EB781AEDA52E}.Release|Any CPU.ActiveCfg = Release|Any CPU
		{C08CACE6-6950-493D-88BD-EB781AEDA52E}.Release|Any CPU.Build.0 = Release|Any CPU
		{3D106DAE-B001-F618-AD2B-D1270FF8B6BC}.Debug|Any CPU.ActiveCfg = Debug|Any CPU
		{3D106DAE-B001-F618-AD2B-D1270FF8B6BC}.Debug|Any CPU.Build.0 = Debug|Any CPU
		{3D106DAE-B001-F618-AD2B-D1270FF8B6BC}.Release|Any CPU.ActiveCfg = Release|Any CPU
		{3D106DAE-B001-F618-AD2B-D1270FF8B6BC}.Release|Any CPU.Build.0 = Release|Any CPU
		{62CE6664-D1E9-86AA-F701-419122D1DA22}.Debug|Any CPU.ActiveCfg = Debug|Any CPU
		{62CE6664-D1E9-86AA-F701-419122D1DA22}.Debug|Any CPU.Build.0 = Debug|Any CPU
		{62CE6664-D1E9-86AA-F701-419122D1DA22}.Release|Any CPU.ActiveCfg = Release|Any CPU
		{62CE6664-D1E9-86AA-F701-419122D1DA22}.Release|Any CPU.Build.0 = Release|Any CPU
		{2E45169A-40F1-C960-737F-B69CFBF1BCE3}.Debug|Any CPU.ActiveCfg = Debug|Any CPU
		{2E45169A-40F1-C960-737F-B69CFBF1BCE3}.Debug|Any CPU.Build.0 = Debug|Any CPU
		{2E45169A-40F1-C960-737F-B69CFBF1BCE3}.Release|Any CPU.ActiveCfg = Release|Any CPU
		{2E45169A-40F1-C960-737F-B69CFBF1BCE3}.Release|Any CPU.Build.0 = Release|Any CPU
		{96B19CBC-56F2-7736-37FE-491158372915}.Debug|Any CPU.ActiveCfg = Debug|Any CPU
		{96B19CBC-56F2-7736-37FE-491158372915}.Debug|Any CPU.Build.0 = Debug|Any CPU
		{96B19CBC-56F2-7736-37FE-491158372915}.Release|Any CPU.ActiveCfg = Release|Any CPU
		{96B19CBC-56F2-7736-37FE-491158372915}.Release|Any CPU.Build.0 = Release|Any CPU
		{D589C9D2-25B2-97EF-C106-318F1C56DB7D}.Debug|Any CPU.ActiveCfg = Debug|Any CPU
		{D589C9D2-25B2-97EF-C106-318F1C56DB7D}.Debug|Any CPU.Build.0 = Debug|Any CPU
		{D589C9D2-25B2-97EF-C106-318F1C56DB7D}.Release|Any CPU.ActiveCfg = Release|Any CPU
		{D589C9D2-25B2-97EF-C106-318F1C56DB7D}.Release|Any CPU.Build.0 = Release|Any CPU
		{7C06D570-5236-67C0-200D-EFEA42F6ED6E}.Debug|Any CPU.ActiveCfg = Debug|Any CPU
		{7C06D570-5236-67C0-200D-EFEA42F6ED6E}.Debug|Any CPU.Build.0 = Debug|Any CPU
		{7C06D570-5236-67C0-200D-EFEA42F6ED6E}.Release|Any CPU.ActiveCfg = Release|Any CPU
		{7C06D570-5236-67C0-200D-EFEA42F6ED6E}.Release|Any CPU.Build.0 = Release|Any CPU
		{BA3B5C5E-D6A4-39ED-6760-036CDB62E249}.Debug|Any CPU.ActiveCfg = Debug|Any CPU
		{BA3B5C5E-D6A4-39ED-6760-036CDB62E249}.Debug|Any CPU.Build.0 = Debug|Any CPU
		{BA3B5C5E-D6A4-39ED-6760-036CDB62E249}.Release|Any CPU.ActiveCfg = Release|Any CPU
		{BA3B5C5E-D6A4-39ED-6760-036CDB62E249}.Release|Any CPU.Build.0 = Release|Any CPU
		{2CD65A28-2A13-4521-94BF-4DDADFBB2401}.Debug|Any CPU.ActiveCfg = Debug|Any CPU
		{2CD65A28-2A13-4521-94BF-4DDADFBB2401}.Debug|Any CPU.Build.0 = Debug|Any CPU
		{2CD65A28-2A13-4521-94BF-4DDADFBB2401}.Release|Any CPU.ActiveCfg = Release|Any CPU
		{2CD65A28-2A13-4521-94BF-4DDADFBB2401}.Release|Any CPU.Build.0 = Release|Any CPU
		{6EF7678A-A725-F430-3097-30F090C0100A}.Debug|Any CPU.ActiveCfg = Debug|Any CPU
		{6EF7678A-A725-F430-3097-30F090C0100A}.Debug|Any CPU.Build.0 = Debug|Any CPU
		{6EF7678A-A725-F430-3097-30F090C0100A}.Release|Any CPU.ActiveCfg = Release|Any CPU
		{6EF7678A-A725-F430-3097-30F090C0100A}.Release|Any CPU.Build.0 = Release|Any CPU
		{010D0C11-D6A2-3CA6-3281-4E0FD547EC2D}.Debug|Any CPU.ActiveCfg = Debug|Any CPU
		{010D0C11-D6A2-3CA6-3281-4E0FD547EC2D}.Debug|Any CPU.Build.0 = Debug|Any CPU
		{010D0C11-D6A2-3CA6-3281-4E0FD547EC2D}.Release|Any CPU.ActiveCfg = Release|Any CPU
		{010D0C11-D6A2-3CA6-3281-4E0FD547EC2D}.Release|Any CPU.Build.0 = Release|Any CPU
		{D65AB6C7-BE14-40C7-8B16-1007CC39B732}.Debug|Any CPU.ActiveCfg = Debug|Any CPU
		{D65AB6C7-BE14-40C7-8B16-1007CC39B732}.Debug|Any CPU.Build.0 = Debug|Any CPU
		{D65AB6C7-BE14-40C7-8B16-1007CC39B732}.Release|Any CPU.ActiveCfg = Release|Any CPU
		{D65AB6C7-BE14-40C7-8B16-1007CC39B732}.Release|Any CPU.Build.0 = Release|Any CPU
		{0B48C449-0B35-182D-2B8C-BFE6C8DF0359}.Debug|Any CPU.ActiveCfg = Debug|Any CPU
		{0B48C449-0B35-182D-2B8C-BFE6C8DF0359}.Debug|Any CPU.Build.0 = Debug|Any CPU
		{0B48C449-0B35-182D-2B8C-BFE6C8DF0359}.Release|Any CPU.ActiveCfg = Release|Any CPU
		{0B48C449-0B35-182D-2B8C-BFE6C8DF0359}.Release|Any CPU.Build.0 = Release|Any CPU
		{4109F16C-CC0F-746C-BB8C-6083813C958C}.Debug|Any CPU.ActiveCfg = Debug|Any CPU
		{4109F16C-CC0F-746C-BB8C-6083813C958C}.Debug|Any CPU.Build.0 = Debug|Any CPU
		{4109F16C-CC0F-746C-BB8C-6083813C958C}.Release|Any CPU.ActiveCfg = Release|Any CPU
		{4109F16C-CC0F-746C-BB8C-6083813C958C}.Release|Any CPU.Build.0 = Release|Any CPU
		{6C5C8E11-5C4E-7216-5310-F8D4870D4E3D}.Debug|Any CPU.ActiveCfg = Debug|Any CPU
		{6C5C8E11-5C4E-7216-5310-F8D4870D4E3D}.Debug|Any CPU.Build.0 = Debug|Any CPU
		{6C5C8E11-5C4E-7216-5310-F8D4870D4E3D}.Release|Any CPU.ActiveCfg = Release|Any CPU
		{6C5C8E11-5C4E-7216-5310-F8D4870D4E3D}.Release|Any CPU.Build.0 = Release|Any CPU
		{414DFFD5-4A0F-DD91-933A-D9585859A325}.Debug|Any CPU.ActiveCfg = Debug|Any CPU
		{414DFFD5-4A0F-DD91-933A-D9585859A325}.Debug|Any CPU.Build.0 = Debug|Any CPU
		{414DFFD5-4A0F-DD91-933A-D9585859A325}.Release|Any CPU.ActiveCfg = Release|Any CPU
		{414DFFD5-4A0F-DD91-933A-D9585859A325}.Release|Any CPU.Build.0 = Release|Any CPU
		{F01C3B69-9D05-4BEF-26EB-57BAD926097B}.Debug|Any CPU.ActiveCfg = Debug|Any CPU
		{F01C3B69-9D05-4BEF-26EB-57BAD926097B}.Debug|Any CPU.Build.0 = Debug|Any CPU
		{F01C3B69-9D05-4BEF-26EB-57BAD926097B}.Release|Any CPU.ActiveCfg = Release|Any CPU
		{F01C3B69-9D05-4BEF-26EB-57BAD926097B}.Release|Any CPU.Build.0 = Release|Any CPU
		{8E382822-92E3-D270-08BB-8C5874A14FBE}.Debug|Any CPU.ActiveCfg = Debug|Any CPU
		{8E382822-92E3-D270-08BB-8C5874A14FBE}.Debug|Any CPU.Build.0 = Debug|Any CPU
		{8E382822-92E3-D270-08BB-8C5874A14FBE}.Release|Any CPU.ActiveCfg = Release|Any CPU
		{8E382822-92E3-D270-08BB-8C5874A14FBE}.Release|Any CPU.Build.0 = Release|Any CPU
		{FD5D22CB-1533-4A42-AA86-8F408139E449}.Debug|Any CPU.ActiveCfg = Debug|Any CPU
		{FD5D22CB-1533-4A42-AA86-8F408139E449}.Debug|Any CPU.Build.0 = Debug|Any CPU
		{FD5D22CB-1533-4A42-AA86-8F408139E449}.Release|Any CPU.ActiveCfg = Release|Any CPU
		{FD5D22CB-1533-4A42-AA86-8F408139E449}.Release|Any CPU.Build.0 = Release|Any CPU
		{6C765AC4-6801-44CC-8D91-9AAE3AB58CC9}.Debug|Any CPU.ActiveCfg = Debug|Any CPU
		{6C765AC4-6801-44CC-8D91-9AAE3AB58CC9}.Debug|Any CPU.Build.0 = Debug|Any CPU
		{6C765AC4-6801-44CC-8D91-9AAE3AB58CC9}.Release|Any CPU.ActiveCfg = Release|Any CPU
		{6C765AC4-6801-44CC-8D91-9AAE3AB58CC9}.Release|Any CPU.Build.0 = Release|Any CPU
		{86B09BFA-42D7-482A-98E0-BAACA117383D}.Debug|Any CPU.ActiveCfg = Debug|Any CPU
		{86B09BFA-42D7-482A-98E0-BAACA117383D}.Debug|Any CPU.Build.0 = Debug|Any CPU
		{86B09BFA-42D7-482A-98E0-BAACA117383D}.Release|Any CPU.ActiveCfg = Release|Any CPU
		{86B09BFA-42D7-482A-98E0-BAACA117383D}.Release|Any CPU.Build.0 = Release|Any CPU
		{0FEB301C-5078-4C52-A28C-7FAE2EF25929}.Debug|Any CPU.ActiveCfg = Debug|Any CPU
		{0FEB301C-5078-4C52-A28C-7FAE2EF25929}.Debug|Any CPU.Build.0 = Debug|Any CPU
		{0FEB301C-5078-4C52-A28C-7FAE2EF25929}.Release|Any CPU.ActiveCfg = Release|Any CPU
		{0FEB301C-5078-4C52-A28C-7FAE2EF25929}.Release|Any CPU.Build.0 = Release|Any CPU
		{87810C3F-2EB2-4CCA-BA5B-9A10EA1DF37F}.Debug|Any CPU.ActiveCfg = Debug|Any CPU
		{87810C3F-2EB2-4CCA-BA5B-9A10EA1DF37F}.Debug|Any CPU.Build.0 = Debug|Any CPU
		{87810C3F-2EB2-4CCA-BA5B-9A10EA1DF37F}.Release|Any CPU.ActiveCfg = Release|Any CPU
		{87810C3F-2EB2-4CCA-BA5B-9A10EA1DF37F}.Release|Any CPU.Build.0 = Release|Any CPU
		{BCD0E96C-A895-486F-B685-540A9B1BB20B}.Debug|Any CPU.ActiveCfg = Debug|Any CPU
		{BCD0E96C-A895-486F-B685-540A9B1BB20B}.Debug|Any CPU.Build.0 = Debug|Any CPU
		{BCD0E96C-A895-486F-B685-540A9B1BB20B}.Release|Any CPU.ActiveCfg = Release|Any CPU
		{BCD0E96C-A895-486F-B685-540A9B1BB20B}.Release|Any CPU.Build.0 = Release|Any CPU
		{50712916-3046-CD6D-CC0D-CC717D58B733}.Debug|Any CPU.ActiveCfg = Debug|Any CPU
		{50712916-3046-CD6D-CC0D-CC717D58B733}.Debug|Any CPU.Build.0 = Debug|Any CPU
		{50712916-3046-CD6D-CC0D-CC717D58B733}.Release|Any CPU.ActiveCfg = Release|Any CPU
		{50712916-3046-CD6D-CC0D-CC717D58B733}.Release|Any CPU.Build.0 = Release|Any CPU
		{8FBDDD79-818E-6752-3B00-45F40DDA6723}.Debug|Any CPU.ActiveCfg = Debug|Any CPU
		{8FBDDD79-818E-6752-3B00-45F40DDA6723}.Debug|Any CPU.Build.0 = Debug|Any CPU
		{8FBDDD79-818E-6752-3B00-45F40DDA6723}.Release|Any CPU.ActiveCfg = Release|Any CPU
		{8FBDDD79-818E-6752-3B00-45F40DDA6723}.Release|Any CPU.Build.0 = Release|Any CPU
		{A1A42CC9-4934-902E-3830-8D4A7288F4C6}.Debug|Any CPU.ActiveCfg = Debug|Any CPU
		{A1A42CC9-4934-902E-3830-8D4A7288F4C6}.Debug|Any CPU.Build.0 = Debug|Any CPU
		{A1A42CC9-4934-902E-3830-8D4A7288F4C6}.Release|Any CPU.ActiveCfg = Release|Any CPU
		{A1A42CC9-4934-902E-3830-8D4A7288F4C6}.Release|Any CPU.Build.0 = Release|Any CPU
		{37B3D01D-C5AC-7D28-36E6-BFBFE80475B2}.Debug|Any CPU.ActiveCfg = Debug|Any CPU
		{37B3D01D-C5AC-7D28-36E6-BFBFE80475B2}.Debug|Any CPU.Build.0 = Debug|Any CPU
		{37B3D01D-C5AC-7D28-36E6-BFBFE80475B2}.Release|Any CPU.ActiveCfg = Release|Any CPU
		{37B3D01D-C5AC-7D28-36E6-BFBFE80475B2}.Release|Any CPU.Build.0 = Release|Any CPU
		{D6194BF0-7E59-5B9E-D94A-5963C9ABD4F9}.Debug|Any CPU.ActiveCfg = Debug|Any CPU
		{D6194BF0-7E59-5B9E-D94A-5963C9ABD4F9}.Debug|Any CPU.Build.0 = Debug|Any CPU
		{D6194BF0-7E59-5B9E-D94A-5963C9ABD4F9}.Release|Any CPU.ActiveCfg = Release|Any CPU
		{D6194BF0-7E59-5B9E-D94A-5963C9ABD4F9}.Release|Any CPU.Build.0 = Release|Any CPU
		{5BB9CA5F-C645-785D-0240-D110F773D873}.Debug|Any CPU.ActiveCfg = Debug|Any CPU
		{5BB9CA5F-C645-785D-0240-D110F773D873}.Debug|Any CPU.Build.0 = Debug|Any CPU
		{5BB9CA5F-C645-785D-0240-D110F773D873}.Release|Any CPU.ActiveCfg = Release|Any CPU
		{5BB9CA5F-C645-785D-0240-D110F773D873}.Release|Any CPU.Build.0 = Release|Any CPU
		{21ED8BE5-B542-44CF-BE0F-51B3EC63644E}.Debug|Any CPU.ActiveCfg = Debug|Any CPU
		{21ED8BE5-B542-44CF-BE0F-51B3EC63644E}.Debug|Any CPU.Build.0 = Debug|Any CPU
		{21ED8BE5-B542-44CF-BE0F-51B3EC63644E}.Release|Any CPU.ActiveCfg = Release|Any CPU
		{21ED8BE5-B542-44CF-BE0F-51B3EC63644E}.Release|Any CPU.Build.0 = Release|Any CPU
		{933BECCE-BFAE-4DBE-A976-3660C84F4BC0}.Debug|Any CPU.ActiveCfg = Debug|Any CPU
		{933BECCE-BFAE-4DBE-A976-3660C84F4BC0}.Debug|Any CPU.Build.0 = Debug|Any CPU
		{933BECCE-BFAE-4DBE-A976-3660C84F4BC0}.Release|Any CPU.ActiveCfg = Release|Any CPU
		{933BECCE-BFAE-4DBE-A976-3660C84F4BC0}.Release|Any CPU.Build.0 = Release|Any CPU
		{83A628C0-A620-4869-B014-41D98B78A9E7}.Debug|Any CPU.ActiveCfg = Debug|Any CPU
		{83A628C0-A620-4869-B014-41D98B78A9E7}.Debug|Any CPU.Build.0 = Debug|Any CPU
		{83A628C0-A620-4869-B014-41D98B78A9E7}.Release|Any CPU.ActiveCfg = Release|Any CPU
		{83A628C0-A620-4869-B014-41D98B78A9E7}.Release|Any CPU.Build.0 = Release|Any CPU
		{34F959BE-EF46-4134-8B45-FE4989493877}.Debug|Any CPU.ActiveCfg = Debug|Any CPU
		{34F959BE-EF46-4134-8B45-FE4989493877}.Debug|Any CPU.Build.0 = Debug|Any CPU
		{34F959BE-EF46-4134-8B45-FE4989493877}.Release|Any CPU.ActiveCfg = Release|Any CPU
		{34F959BE-EF46-4134-8B45-FE4989493877}.Release|Any CPU.Build.0 = Release|Any CPU
	EndGlobalSection
	GlobalSection(SolutionProperties) = preSolution
		HideSolutionNode = FALSE
	EndGlobalSection
	GlobalSection(NestedProjects) = preSolution
		{DDB4EF12-CC4E-5E88-E6FC-71A802F4DE97} = {EB0D0CE1-5A6B-4889-8BC2-CE2C0534E732}
		{4344486B-2584-4EC8-85E8-5F502F063782} = {DDB4EF12-CC4E-5E88-E6FC-71A802F4DE97}
		{5B529AEE-CF77-448A-9A90-26B5FD2E8947} = {393A0CA1-9114-431E-AA3C-9F764B83B412}
		{EB0D0CE1-5A6B-4889-8BC2-CE2C0534E732} = {DC46C8A5-3D37-49F2-9D1B-DD7BA72F776E}
		{40662AFB-58C2-43B1-9E1A-DD3DF625852F} = {EB0D0CE1-5A6B-4889-8BC2-CE2C0534E732}
		{393A0CA1-9114-431E-AA3C-9F764B83B412} = {DC46C8A5-3D37-49F2-9D1B-DD7BA72F776E}
		{927AC185-5B38-43EE-975F-EDD14B783A7B} = {88A5C6BC-EE24-4416-B330-1AFC863F350E}
		{C184ED4B-9166-47F8-ACB2-3EA32C4F7CC9} = {88A5C6BC-EE24-4416-B330-1AFC863F350E}
		{7A0BBE76-4EF2-4C06-844A-35D6B69501EA} = {DC46C8A5-3D37-49F2-9D1B-DD7BA72F776E}
		{D0346AEE-32C5-4631-A52F-7A4A1D5D40C4} = {7A0BBE76-4EF2-4C06-844A-35D6B69501EA}
		{02A4E4F4-AFD3-4B85-8274-711781164927} = {EB0D0CE1-5A6B-4889-8BC2-CE2C0534E732}
		{6849CA6D-639D-4157-81B7-14FCB7380C25} = {3381A3CB-37B0-461E-9C99-C9B0058A2932}
		{2431C6EF-4CC2-4285-847D-F651444D84B3} = {3381A3CB-37B0-461E-9C99-C9B0058A2932}
		{347B1F4F-A8FC-4455-897D-8A93DC54A56D} = {3381A3CB-37B0-461E-9C99-C9B0058A2932}
		{3961B5EC-1662-4884-93DB-33BDE26CFE06} = {2431C6EF-4CC2-4285-847D-F651444D84B3}
		{F2892EF9-7B10-4002-A45D-4373EFB209CB} = {D436E971-2DBB-47F7-9FA2-5947C368B749}
		{FA0A6001-C530-4DB9-80B0-1C270978E878} = {D436E971-2DBB-47F7-9FA2-5947C368B749}
		{62DECB46-8F86-449A-9C2B-488AD25033CC} = {FA0A6001-C530-4DB9-80B0-1C270978E878}
		{D723786B-DDC4-44D5-952B-726C19B25BC9} = {FA0A6001-C530-4DB9-80B0-1C270978E878}
		{5D7C282E-DA16-42B6-90AA-9C79DAE4FAF2} = {07F6777F-61EF-499F-B805-817E7DADFC86}
		{B31F057A-C7EE-4C14-B16D-1D6B5EA6FD36} = {2B7A4F1C-698C-4DB4-9574-2702F5DABBDE}
		{567904BF-ECB3-4140-AACF-47208D9C60C5} = {B31F057A-C7EE-4C14-B16D-1D6B5EA6FD36}
		{1F2E37BE-DE29-468C-8EAA-C71B7D5AF305} = {2B7A4F1C-698C-4DB4-9574-2702F5DABBDE}
		{C8C79F7D-213E-4EF5-8E3B-E6A4AD5D4540} = {2B7A4F1C-698C-4DB4-9574-2702F5DABBDE}
		{9C2BA13D-C6C3-4C2D-8B48-42D8CA10A607} = {B31F057A-C7EE-4C14-B16D-1D6B5EA6FD36}
		{D7A566E4-E431-44AF-A7FF-2E0413900FD9} = {FF86C0D6-E94F-463D-A04A-74D7D4F01E35}
		{B5025803-550F-2718-0B4A-39867A675BF8} = {D7A566E4-E431-44AF-A7FF-2E0413900FD9}
		{9605B4B8-0A34-BDE4-CFD2-F49073E3B9EF} = {D7A566E4-E431-44AF-A7FF-2E0413900FD9}
		{766DC129-B7E6-6BE5-67FF-02794A6C9D6A} = {D7A566E4-E431-44AF-A7FF-2E0413900FD9}
		{8758FBDB-9295-0DA5-31B6-DA01667F06FB} = {D7A566E4-E431-44AF-A7FF-2E0413900FD9}
		{7B34514D-F55C-A5FE-D1EF-2AB834B91306} = {FF86C0D6-E94F-463D-A04A-74D7D4F01E35}
		{C08CACE6-6950-493D-88BD-EB781AEDA52E} = {FF86C0D6-E94F-463D-A04A-74D7D4F01E35}
		{CA22A522-F3AA-4FD8-800B-9B19B0BD53DD} = {14472DF8-314B-4EBC-939A-EF0C58298A0C}
		{3D106DAE-B001-F618-AD2B-D1270FF8B6BC} = {CA22A522-F3AA-4FD8-800B-9B19B0BD53DD}
		{62CE6664-D1E9-86AA-F701-419122D1DA22} = {CA22A522-F3AA-4FD8-800B-9B19B0BD53DD}
		{2E45169A-40F1-C960-737F-B69CFBF1BCE3} = {14472DF8-314B-4EBC-939A-EF0C58298A0C}
		{96B19CBC-56F2-7736-37FE-491158372915} = {14472DF8-314B-4EBC-939A-EF0C58298A0C}
		{257C6E08-A505-4801-86DD-1955402B21E5} = {1AED4279-756F-4815-9994-309526D11246}
		{D589C9D2-25B2-97EF-C106-318F1C56DB7D} = {257C6E08-A505-4801-86DD-1955402B21E5}
		{7C06D570-5236-67C0-200D-EFEA42F6ED6E} = {1AED4279-756F-4815-9994-309526D11246}
		{BA3B5C5E-D6A4-39ED-6760-036CDB62E249} = {1AED4279-756F-4815-9994-309526D11246}
		{2CD65A28-2A13-4521-94BF-4DDADFBB2401} = {257C6E08-A505-4801-86DD-1955402B21E5}
		{6EF7678A-A725-F430-3097-30F090C0100A} = {64A552A9-B5E6-453E-B589-D7C91C191725}
		{010D0C11-D6A2-3CA6-3281-4E0FD547EC2D} = {64A552A9-B5E6-453E-B589-D7C91C191725}
		{D65AB6C7-BE14-40C7-8B16-1007CC39B732} = {B9AEEF4F-532E-4612-9711-92A356798912}
		{0B48C449-0B35-182D-2B8C-BFE6C8DF0359} = {88A5C6BC-EE24-4416-B330-1AFC863F350E}
		{4109F16C-CC0F-746C-BB8C-6083813C958C} = {79758789-61EE-4192-9A4A-402967369F57}
		{A2F16F33-A30A-4058-9A7D-3D0477CFD70B} = {79758789-61EE-4192-9A4A-402967369F57}
		{6C5C8E11-5C4E-7216-5310-F8D4870D4E3D} = {A2F16F33-A30A-4058-9A7D-3D0477CFD70B}
		{414DFFD5-4A0F-DD91-933A-D9585859A325} = {A2F16F33-A30A-4058-9A7D-3D0477CFD70B}
		{F01C3B69-9D05-4BEF-26EB-57BAD926097B} = {A2F16F33-A30A-4058-9A7D-3D0477CFD70B}
		{8E382822-92E3-D270-08BB-8C5874A14FBE} = {88A5C6BC-EE24-4416-B330-1AFC863F350E}
		{FD5D22CB-1533-4A42-AA86-8F408139E449} = {58F3E67E-CC3E-4A89-BBBE-2C620AF7C6A7}
		{75F6E911-A943-4C2E-B764-2441F4CEE314} = {58F3E67E-CC3E-4A89-BBBE-2C620AF7C6A7}
		{6C765AC4-6801-44CC-8D91-9AAE3AB58CC9} = {75F6E911-A943-4C2E-B764-2441F4CEE314}
		{86B09BFA-42D7-482A-98E0-BAACA117383D} = {58F3E67E-CC3E-4A89-BBBE-2C620AF7C6A7}
		{0FEB301C-5078-4C52-A28C-7FAE2EF25929} = {58F3E67E-CC3E-4A89-BBBE-2C620AF7C6A7}
		{87810C3F-2EB2-4CCA-BA5B-9A10EA1DF37F} = {75F6E911-A943-4C2E-B764-2441F4CEE314}
		{BCD0E96C-A895-486F-B685-540A9B1BB20B} = {75F6E911-A943-4C2E-B764-2441F4CEE314}
		{50712916-3046-CD6D-CC0D-CC717D58B733} = {9BA23AA7-E5F7-4330-90F3-B52EA3C8EC79}
		{8FBDDD79-818E-6752-3B00-45F40DDA6723} = {9BA23AA7-E5F7-4330-90F3-B52EA3C8EC79}
		{A1A42CC9-4934-902E-3830-8D4A7288F4C6} = {C1F18D0C-5D15-4343-B5D3-CEFE741DDCE5}
		{37B3D01D-C5AC-7D28-36E6-BFBFE80475B2} = {C1F18D0C-5D15-4343-B5D3-CEFE741DDCE5}
		{D6194BF0-7E59-5B9E-D94A-5963C9ABD4F9} = {D7FFD218-EC4B-4A8A-9E6C-6E3C45CCBDAA}
		{5BB9CA5F-C645-785D-0240-D110F773D873} = {D7FFD218-EC4B-4A8A-9E6C-6E3C45CCBDAA}
		{21ED8BE5-B542-44CF-BE0F-51B3EC63644E} = {6AD3F670-FDE8-4394-A136-95ADE4446597}
		{132AF839-99CD-4DE1-93A5-EFCDD5D2F8EB} = {6AD3F670-FDE8-4394-A136-95ADE4446597}
		{933BECCE-BFAE-4DBE-A976-3660C84F4BC0} = {132AF839-99CD-4DE1-93A5-EFCDD5D2F8EB}
		{83A628C0-A620-4869-B014-41D98B78A9E7} = {6AD3F670-FDE8-4394-A136-95ADE4446597}
		{34F959BE-EF46-4134-8B45-FE4989493877} = {6AD3F670-FDE8-4394-A136-95ADE4446597}
	EndGlobalSection
	GlobalSection(ExtensibilityGlobals) = postSolution
		SolutionGuid = {1B2B8CD2-415E-476C-B96C-ED84B55BAB64}
	EndGlobalSection
EndGlobal
